// !$*UTF8*$!
{
	archiveVersion = 1;
	classes = {
	};
	objectVersion = 50;
	objects = {

/* Begin PBXBuildFile section */
		183AC4EA251E5C5200A9CAAA /* Anime.swift in Sources */ = {isa = PBXBuildFile; fileRef = 183AC4E5251E5C5200A9CAAA /* Anime.swift */; };
		183AC4ED251E5C5200A9CAAA /* APIClient.swift in Sources */ = {isa = PBXBuildFile; fileRef = 183AC4E9251E5C5200A9CAAA /* APIClient.swift */; };
		183AC4F0251E5C5F00A9CAAA /* TopAnimeViewModel.swift in Sources */ = {isa = PBXBuildFile; fileRef = 183AC4EF251E5C5F00A9CAAA /* TopAnimeViewModel.swift */; };
		183AC4F6251E823800A9CAAA /* AnimeUseCase.swift in Sources */ = {isa = PBXBuildFile; fileRef = 183AC4F5251E823800A9CAAA /* AnimeUseCase.swift */; };
		183AC4FC251EA2AD00A9CAAA /* Publisher.swift in Sources */ = {isa = PBXBuildFile; fileRef = 183AC4FB251EA2AD00A9CAAA /* Publisher.swift */; };
		18A3D343251BC61200C16FC7 /* MyAnimeListApp.swift in Sources */ = {isa = PBXBuildFile; fileRef = 18A3D342251BC61200C16FC7 /* MyAnimeListApp.swift */; };
		18A3D345251BC61200C16FC7 /* TopAnimeView.swift in Sources */ = {isa = PBXBuildFile; fileRef = 18A3D344251BC61200C16FC7 /* TopAnimeView.swift */; };
		18A3D347251BC61400C16FC7 /* Assets.xcassets in Resources */ = {isa = PBXBuildFile; fileRef = 18A3D346251BC61400C16FC7 /* Assets.xcassets */; };
		18A3D34A251BC61400C16FC7 /* Preview Assets.xcassets in Resources */ = {isa = PBXBuildFile; fileRef = 18A3D349251BC61400C16FC7 /* Preview Assets.xcassets */; };
/* End PBXBuildFile section */

/* Begin PBXFileReference section */
		183AC4E5251E5C5200A9CAAA /* Anime.swift */ = {isa = PBXFileReference; fileEncoding = 4; lastKnownFileType = sourcecode.swift; path = Anime.swift; sourceTree = "<group>"; };
		183AC4E9251E5C5200A9CAAA /* APIClient.swift */ = {isa = PBXFileReference; fileEncoding = 4; lastKnownFileType = sourcecode.swift; path = APIClient.swift; sourceTree = "<group>"; };
		183AC4EF251E5C5F00A9CAAA /* TopAnimeViewModel.swift */ = {isa = PBXFileReference; fileEncoding = 4; lastKnownFileType = sourcecode.swift; path = TopAnimeViewModel.swift; sourceTree = "<group>"; };
		183AC4F5251E823800A9CAAA /* AnimeUseCase.swift */ = {isa = PBXFileReference; lastKnownFileType = sourcecode.swift; path = AnimeUseCase.swift; sourceTree = "<group>"; };
		183AC4FB251EA2AD00A9CAAA /* Publisher.swift */ = {isa = PBXFileReference; lastKnownFileType = sourcecode.swift; path = Publisher.swift; sourceTree = "<group>"; };
		18A3D33F251BC61200C16FC7 /* MyAnimeList.app */ = {isa = PBXFileReference; explicitFileType = wrapper.application; includeInIndex = 0; path = MyAnimeList.app; sourceTree = BUILT_PRODUCTS_DIR; };
		18A3D342251BC61200C16FC7 /* MyAnimeListApp.swift */ = {isa = PBXFileReference; lastKnownFileType = sourcecode.swift; path = MyAnimeListApp.swift; sourceTree = "<group>"; };
		18A3D344251BC61200C16FC7 /* TopAnimeView.swift */ = {isa = PBXFileReference; lastKnownFileType = sourcecode.swift; path = TopAnimeView.swift; sourceTree = "<group>"; };
		18A3D346251BC61400C16FC7 /* Assets.xcassets */ = {isa = PBXFileReference; lastKnownFileType = folder.assetcatalog; path = Assets.xcassets; sourceTree = "<group>"; };
		18A3D349251BC61400C16FC7 /* Preview Assets.xcassets */ = {isa = PBXFileReference; lastKnownFileType = folder.assetcatalog; path = "Preview Assets.xcassets"; sourceTree = "<group>"; };
		18A3D34B251BC61400C16FC7 /* Info.plist */ = {isa = PBXFileReference; lastKnownFileType = text.plist.xml; path = Info.plist; sourceTree = "<group>"; };
/* End PBXFileReference section */

/* Begin PBXFrameworksBuildPhase section */
		18A3D33C251BC61200C16FC7 /* Frameworks */ = {
			isa = PBXFrameworksBuildPhase;
			buildActionMask = 2147483647;
			files = (
			);
			runOnlyForDeploymentPostprocessing = 0;
		};
/* End PBXFrameworksBuildPhase section */

/* Begin PBXGroup section */
		183AC4D6251E41E400A9CAAA /* TopAnimeList */ = {
			isa = PBXGroup;
			children = (
				183AC4E4251E5C5200A9CAAA /* Model */,
				183AC4EF251E5C5F00A9CAAA /* TopAnimeViewModel.swift */,
				18A3D344251BC61200C16FC7 /* TopAnimeView.swift */,
			);
			path = TopAnimeList;
			sourceTree = "<group>";
		};
		183AC4E4251E5C5200A9CAAA /* Model */ = {
			isa = PBXGroup;
			children = (
				183AC4E5251E5C5200A9CAAA /* Anime.swift */,
			);
			path = Model;
			sourceTree = "<group>";
		};
		183AC4E8251E5C5200A9CAAA /* API */ = {
			isa = PBXGroup;
			children = (
				183AC4F2251E81E200A9CAAA /* APIClient */,
				183AC4F4251E81F900A9CAAA /* UseCase */,
			);
			path = API;
			sourceTree = "<group>";
		};
		183AC4F2251E81E200A9CAAA /* APIClient */ = {
			isa = PBXGroup;
			children = (
				183AC4E9251E5C5200A9CAAA /* APIClient.swift */,
			);
			path = APIClient;
			sourceTree = "<group>";
		};
		183AC4F4251E81F900A9CAAA /* UseCase */ = {
			isa = PBXGroup;
			children = (
				183AC4F5251E823800A9CAAA /* AnimeUseCase.swift */,
			);
			path = UseCase;
			sourceTree = "<group>";
		};
		183AC4FA251EA28500A9CAAA /* Commons */ = {
			isa = PBXGroup;
			children = (
				183AC4FB251EA2AD00A9CAAA /* Publisher.swift */,
			);
			path = Commons;
			sourceTree = "<group>";
		};
		18A3D336251BC61100C16FC7 = {
			isa = PBXGroup;
			children = (
				18A3D341251BC61200C16FC7 /* MyAnimeList */,
				18A3D340251BC61200C16FC7 /* Products */,
			);
			sourceTree = "<group>";
		};
		18A3D340251BC61200C16FC7 /* Products */ = {
			isa = PBXGroup;
			children = (
				18A3D33F251BC61200C16FC7 /* MyAnimeList.app */,
			);
			name = Products;
			sourceTree = "<group>";
		};
		18A3D341251BC61200C16FC7 /* MyAnimeList */ = {
			isa = PBXGroup;
			children = (
				18A3D357251BC7BD00C16FC7 /* Application */,
				183AC4E8251E5C5200A9CAAA /* API */,
				18A3D355251BC7B200C16FC7 /* Flows */,
				183AC4FA251EA28500A9CAAA /* Commons */,
				18A3D354251BC7A200C16FC7 /* Resources */,
				18A3D352251BC77A00C16FC7 /* Supporting Files */,
				18A3D348251BC61400C16FC7 /* Preview Content */,
			);
			path = MyAnimeList;
			sourceTree = "<group>";
		};
		18A3D348251BC61400C16FC7 /* Preview Content */ = {
			isa = PBXGroup;
			children = (
				18A3D349251BC61400C16FC7 /* Preview Assets.xcassets */,
			);
			path = "Preview Content";
			sourceTree = "<group>";
		};
		18A3D352251BC77A00C16FC7 /* Supporting Files */ = {
			isa = PBXGroup;
			children = (
				18A3D34B251BC61400C16FC7 /* Info.plist */,
			);
			path = "Supporting Files";
			sourceTree = "<group>";
		};
		18A3D354251BC7A200C16FC7 /* Resources */ = {
			isa = PBXGroup;
			children = (
				18A3D346251BC61400C16FC7 /* Assets.xcassets */,
			);
			path = Resources;
			sourceTree = "<group>";
		};
		18A3D355251BC7B200C16FC7 /* Flows */ = {
			isa = PBXGroup;
			children = (
				183AC4D6251E41E400A9CAAA /* TopAnimeList */,
			);
			path = Flows;
			sourceTree = "<group>";
		};
		18A3D357251BC7BD00C16FC7 /* Application */ = {
			isa = PBXGroup;
			children = (
				18A3D342251BC61200C16FC7 /* MyAnimeListApp.swift */,
			);
			path = Application;
			sourceTree = "<group>";
		};
/* End PBXGroup section */

/* Begin PBXNativeTarget section */
		18A3D33E251BC61200C16FC7 /* MyAnimeList */ = {
			isa = PBXNativeTarget;
			buildConfigurationList = 18A3D34E251BC61400C16FC7 /* Build configuration list for PBXNativeTarget "MyAnimeList" */;
			buildPhases = (
				18A3D33B251BC61200C16FC7 /* Sources */,
				18A3D33C251BC61200C16FC7 /* Frameworks */,
				18A3D33D251BC61200C16FC7 /* Resources */,
			);
			buildRules = (
			);
			dependencies = (
			);
			name = MyAnimeList;
			productName = MyAnimeList;
			productReference = 18A3D33F251BC61200C16FC7 /* MyAnimeList.app */;
			productType = "com.apple.product-type.application";
		};
/* End PBXNativeTarget section */

/* Begin PBXProject section */
		18A3D337251BC61100C16FC7 /* Project object */ = {
			isa = PBXProject;
			attributes = {
				LastSwiftUpdateCheck = 1200;
				LastUpgradeCheck = 1200;
				TargetAttributes = {
					18A3D33E251BC61200C16FC7 = {
						CreatedOnToolsVersion = 12.0;
					};
				};
			};
			buildConfigurationList = 18A3D33A251BC61100C16FC7 /* Build configuration list for PBXProject "MyAnimeList" */;
			compatibilityVersion = "Xcode 9.3";
			developmentRegion = en;
			hasScannedForEncodings = 0;
			knownRegions = (
				en,
				Base,
			);
			mainGroup = 18A3D336251BC61100C16FC7;
			productRefGroup = 18A3D340251BC61200C16FC7 /* Products */;
			projectDirPath = "";
			projectRoot = "";
			targets = (
				18A3D33E251BC61200C16FC7 /* MyAnimeList */,
			);
		};
/* End PBXProject section */

/* Begin PBXResourcesBuildPhase section */
		18A3D33D251BC61200C16FC7 /* Resources */ = {
			isa = PBXResourcesBuildPhase;
			buildActionMask = 2147483647;
			files = (
				18A3D34A251BC61400C16FC7 /* Preview Assets.xcassets in Resources */,
				18A3D347251BC61400C16FC7 /* Assets.xcassets in Resources */,
			);
			runOnlyForDeploymentPostprocessing = 0;
		};
/* End PBXResourcesBuildPhase section */

/* Begin PBXSourcesBuildPhase section */
		18A3D33B251BC61200C16FC7 /* Sources */ = {
			isa = PBXSourcesBuildPhase;
			buildActionMask = 2147483647;
			files = (
				183AC4F6251E823800A9CAAA /* AnimeUseCase.swift in Sources */,
				18A3D345251BC61200C16FC7 /* TopAnimeView.swift in Sources */,
				18A3D343251BC61200C16FC7 /* MyAnimeListApp.swift in Sources */,
				183AC4F0251E5C5F00A9CAAA /* TopAnimeViewModel.swift in Sources */,
				183AC4ED251E5C5200A9CAAA /* APIClient.swift in Sources */,
				183AC4EA251E5C5200A9CAAA /* Anime.swift in Sources */,
				183AC4FC251EA2AD00A9CAAA /* Publisher.swift in Sources */,
			);
			runOnlyForDeploymentPostprocessing = 0;
		};
/* End PBXSourcesBuildPhase section */

/* Begin XCBuildConfiguration section */
		18A3D34C251BC61400C16FC7 /* Debug */ = {
			isa = XCBuildConfiguration;
			buildSettings = {
				ALWAYS_SEARCH_USER_PATHS = NO;
				CLANG_ANALYZER_NONNULL = YES;
				CLANG_ANALYZER_NUMBER_OBJECT_CONVERSION = YES_AGGRESSIVE;
				CLANG_CXX_LANGUAGE_STANDARD = "gnu++14";
				CLANG_CXX_LIBRARY = "libc++";
				CLANG_ENABLE_MODULES = YES;
				CLANG_ENABLE_OBJC_ARC = YES;
				CLANG_ENABLE_OBJC_WEAK = YES;
				CLANG_WARN_BLOCK_CAPTURE_AUTORELEASING = YES;
				CLANG_WARN_BOOL_CONVERSION = YES;
				CLANG_WARN_COMMA = YES;
				CLANG_WARN_CONSTANT_CONVERSION = YES;
				CLANG_WARN_DEPRECATED_OBJC_IMPLEMENTATIONS = YES;
				CLANG_WARN_DIRECT_OBJC_ISA_USAGE = YES_ERROR;
				CLANG_WARN_DOCUMENTATION_COMMENTS = YES;
				CLANG_WARN_EMPTY_BODY = YES;
				CLANG_WARN_ENUM_CONVERSION = YES;
				CLANG_WARN_INFINITE_RECURSION = YES;
				CLANG_WARN_INT_CONVERSION = YES;
				CLANG_WARN_NON_LITERAL_NULL_CONVERSION = YES;
				CLANG_WARN_OBJC_IMPLICIT_RETAIN_SELF = YES;
				CLANG_WARN_OBJC_LITERAL_CONVERSION = YES;
				CLANG_WARN_OBJC_ROOT_CLASS = YES_ERROR;
				CLANG_WARN_QUOTED_INCLUDE_IN_FRAMEWORK_HEADER = YES;
				CLANG_WARN_RANGE_LOOP_ANALYSIS = YES;
				CLANG_WARN_STRICT_PROTOTYPES = YES;
				CLANG_WARN_SUSPICIOUS_MOVE = YES;
				CLANG_WARN_UNGUARDED_AVAILABILITY = YES_AGGRESSIVE;
				CLANG_WARN_UNREACHABLE_CODE = YES;
				CLANG_WARN__DUPLICATE_METHOD_MATCH = YES;
				COPY_PHASE_STRIP = NO;
				DEBUG_INFORMATION_FORMAT = dwarf;
				ENABLE_STRICT_OBJC_MSGSEND = YES;
				ENABLE_TESTABILITY = YES;
				GCC_C_LANGUAGE_STANDARD = gnu11;
				GCC_DYNAMIC_NO_PIC = NO;
				GCC_NO_COMMON_BLOCKS = YES;
				GCC_OPTIMIZATION_LEVEL = 0;
				GCC_PREPROCESSOR_DEFINITIONS = (
					"DEBUG=1",
					"$(inherited)",
				);
				GCC_WARN_64_TO_32_BIT_CONVERSION = YES;
				GCC_WARN_ABOUT_RETURN_TYPE = YES_ERROR;
				GCC_WARN_UNDECLARED_SELECTOR = YES;
				GCC_WARN_UNINITIALIZED_AUTOS = YES_AGGRESSIVE;
				GCC_WARN_UNUSED_FUNCTION = YES;
				GCC_WARN_UNUSED_VARIABLE = YES;
				IPHONEOS_DEPLOYMENT_TARGET = 14.0;
				MTL_ENABLE_DEBUG_INFO = INCLUDE_SOURCE;
				MTL_FAST_MATH = YES;
				ONLY_ACTIVE_ARCH = YES;
				SDKROOT = iphoneos;
				SWIFT_ACTIVE_COMPILATION_CONDITIONS = DEBUG;
				SWIFT_OPTIMIZATION_LEVEL = "-Onone";
			};
			name = Debug;
		};
		18A3D34D251BC61400C16FC7 /* Release */ = {
			isa = XCBuildConfiguration;
			buildSettings = {
				ALWAYS_SEARCH_USER_PATHS = NO;
				CLANG_ANALYZER_NONNULL = YES;
				CLANG_ANALYZER_NUMBER_OBJECT_CONVERSION = YES_AGGRESSIVE;
				CLANG_CXX_LANGUAGE_STANDARD = "gnu++14";
				CLANG_CXX_LIBRARY = "libc++";
				CLANG_ENABLE_MODULES = YES;
				CLANG_ENABLE_OBJC_ARC = YES;
				CLANG_ENABLE_OBJC_WEAK = YES;
				CLANG_WARN_BLOCK_CAPTURE_AUTORELEASING = YES;
				CLANG_WARN_BOOL_CONVERSION = YES;
				CLANG_WARN_COMMA = YES;
				CLANG_WARN_CONSTANT_CONVERSION = YES;
				CLANG_WARN_DEPRECATED_OBJC_IMPLEMENTATIONS = YES;
				CLANG_WARN_DIRECT_OBJC_ISA_USAGE = YES_ERROR;
				CLANG_WARN_DOCUMENTATION_COMMENTS = YES;
				CLANG_WARN_EMPTY_BODY = YES;
				CLANG_WARN_ENUM_CONVERSION = YES;
				CLANG_WARN_INFINITE_RECURSION = YES;
				CLANG_WARN_INT_CONVERSION = YES;
				CLANG_WARN_NON_LITERAL_NULL_CONVERSION = YES;
				CLANG_WARN_OBJC_IMPLICIT_RETAIN_SELF = YES;
				CLANG_WARN_OBJC_LITERAL_CONVERSION = YES;
				CLANG_WARN_OBJC_ROOT_CLASS = YES_ERROR;
				CLANG_WARN_QUOTED_INCLUDE_IN_FRAMEWORK_HEADER = YES;
				CLANG_WARN_RANGE_LOOP_ANALYSIS = YES;
				CLANG_WARN_STRICT_PROTOTYPES = YES;
				CLANG_WARN_SUSPICIOUS_MOVE = YES;
				CLANG_WARN_UNGUARDED_AVAILABILITY = YES_AGGRESSIVE;
				CLANG_WARN_UNREACHABLE_CODE = YES;
				CLANG_WARN__DUPLICATE_METHOD_MATCH = YES;
				COPY_PHASE_STRIP = NO;
				DEBUG_INFORMATION_FORMAT = "dwarf-with-dsym";
				ENABLE_NS_ASSERTIONS = NO;
				ENABLE_STRICT_OBJC_MSGSEND = YES;
				GCC_C_LANGUAGE_STANDARD = gnu11;
				GCC_NO_COMMON_BLOCKS = YES;
				GCC_WARN_64_TO_32_BIT_CONVERSION = YES;
				GCC_WARN_ABOUT_RETURN_TYPE = YES_ERROR;
				GCC_WARN_UNDECLARED_SELECTOR = YES;
				GCC_WARN_UNINITIALIZED_AUTOS = YES_AGGRESSIVE;
				GCC_WARN_UNUSED_FUNCTION = YES;
				GCC_WARN_UNUSED_VARIABLE = YES;
				IPHONEOS_DEPLOYMENT_TARGET = 14.0;
				MTL_ENABLE_DEBUG_INFO = NO;
				MTL_FAST_MATH = YES;
				SDKROOT = iphoneos;
				SWIFT_COMPILATION_MODE = wholemodule;
				SWIFT_OPTIMIZATION_LEVEL = "-O";
				VALIDATE_PRODUCT = YES;
			};
			name = Release;
		};
		18A3D34F251BC61400C16FC7 /* Debug */ = {
			isa = XCBuildConfiguration;
			buildSettings = {
				ASSETCATALOG_COMPILER_APPICON_NAME = AppIcon;
				ASSETCATALOG_COMPILER_GLOBAL_ACCENT_COLOR_NAME = AccentColor;
				CODE_SIGN_STYLE = Automatic;
				DEVELOPMENT_ASSET_PATHS = "\"MyAnimeList/Preview Content\"";
				DEVELOPMENT_TEAM = S4BQV5QR97;
				ENABLE_PREVIEWS = YES;
				INFOPLIST_FILE = "MyAnimeList/Supporting Files/Info.plist";
				IPHONEOS_DEPLOYMENT_TARGET = 14.0;
				LD_RUNPATH_SEARCH_PATHS = (
					"$(inherited)",
					"@executable_path/Frameworks",
				);
				PRODUCT_BUNDLE_IDENTIFIER = com.Firas.Alkahlout.MyAnimeList;
				PRODUCT_NAME = "$(TARGET_NAME)";
				SWIFT_VERSION = 5.0;
				TARGETED_DEVICE_FAMILY = "1,2";
			};
			name = Debug;
		};
		18A3D350251BC61400C16FC7 /* Release */ = {
			isa = XCBuildConfiguration;
			buildSettings = {
				ASSETCATALOG_COMPILER_APPICON_NAME = AppIcon;
				ASSETCATALOG_COMPILER_GLOBAL_ACCENT_COLOR_NAME = AccentColor;
				CODE_SIGN_STYLE = Automatic;
				DEVELOPMENT_ASSET_PATHS = "\"MyAnimeList/Preview Content\"";
				DEVELOPMENT_TEAM = S4BQV5QR97;
				ENABLE_PREVIEWS = YES;
				INFOPLIST_FILE = "MyAnimeList/Supporting Files/Info.plist";
				IPHONEOS_DEPLOYMENT_TARGET = 14.0;
				LD_RUNPATH_SEARCH_PATHS = (
					"$(inherited)",
					"@executable_path/Frameworks",
				);
				PRODUCT_BUNDLE_IDENTIFIER = com.Firas.Alkahlout.MyAnimeList;
				PRODUCT_NAME = "$(TARGET_NAME)";
				SWIFT_VERSION = 5.0;
				TARGETED_DEVICE_FAMILY = "1,2";
			};
			name = Release;
		};
/* End XCBuildConfiguration section */

/* Begin XCConfigurationList section */
		18A3D33A251BC61100C16FC7 /* Build configuration list for PBXProject "MyAnimeList" */ = {
			isa = XCConfigurationList;
			buildConfigurations = (
				18A3D34C251BC61400C16FC7 /* Debug */,
				18A3D34D251BC61400C16FC7 /* Release */,
			);
			defaultConfigurationIsVisible = 0;
			defaultConfigurationName = Release;
		};
		18A3D34E251BC61400C16FC7 /* Build configuration list for PBXNativeTarget "MyAnimeList" */ = {
			isa = XCConfigurationList;
			buildConfigurations = (
				18A3D34F251BC61400C16FC7 /* Debug */,
				18A3D350251BC61400C16FC7 /* Release */,
			);
			defaultConfigurationIsVisible = 0;
			defaultConfigurationName = Release;
		};
/* End XCConfigurationList section */
	};
	rootObject = 18A3D337251BC61100C16FC7 /* Project object */;
}
